{
    "_meta": {
        "hash": {
            "sha256": "cc2dbb86874fedf2a5c83fefbcabfae96a188666c096d40a37cc0eeb6d18fe79"
        },
        "pipfile-spec": 6,
        "requires": {
            "python_version": "3.9"
        },
        "sources": [
            {
                "name": "pypi",
                "url": "https://pypi.org/simple",
                "verify_ssl": true
            }
        ]
    },
    "default": {
        "numpy": {
            "hashes": [
                "sha256:0fe563fc8ed9dc4474cbf70742673fc4391d70f4363f917599a7fa99f042d5a8",
                "sha256:12ac457b63ec8ded85d85c1e17d85efd3c2b0967ca39560b307a35a6703a4735",
                "sha256:2341f4ab6dba0834b685cce16dad5f9b6606ea8a00e6da154f5dbded70fdc4dd",
                "sha256:296d17aed51161dbad3c67ed6d164e51fcd18dbcd5dd4f9d0a9c6055dce30810",
                "sha256:488a66cb667359534bc70028d653ba1cf307bae88eab5929cd707c761ff037db",
                "sha256:4d52914c88b4930dafb6c48ba5115a96cbab40f45740239d9f4159c4ba779962",
                "sha256:5e13030f8793e9ee42f9c7d5777465a560eb78fa7e11b1c053427f2ccab90c79",
                "sha256:61be02e3bf810b60ab74e81d6d0d36246dbfb644a462458bb53b595791251911",
                "sha256:7607b598217745cc40f751da38ffd03512d33ec06f3523fb0b5f82e09f6f676d",
                "sha256:7a70a7d3ce4c0e9284e92285cba91a4a3f5214d87ee0e95928f3614a256a1488",
                "sha256:7ab46e4e7ec63c8a5e6dbf5c1b9e1c92ba23a7ebecc86c336cb7bf3bd2fb10e5",
                "sha256:8981d9b5619569899666170c7c9748920f4a5005bf79c72c07d08c8a035757b0",
                "sha256:8c053d7557a8f022ec823196d242464b6955a7e7e5015b719e76003f63f82d0f",
                "sha256:926db372bc4ac1edf81cfb6c59e2a881606b409ddc0d0920b988174b2e2a767f",
                "sha256:95d79ada05005f6f4f337d3bb9de8a7774f259341c70bc88047a1f7b96a4bcb2",
                "sha256:95de7dc7dc47a312f6feddd3da2500826defdccbc41608d0031276a24181a2c0",
                "sha256:a0882323e0ca4245eb0a3d0a74f88ce581cc33aedcfa396e415e5bba7bf05f68",
                "sha256:a8365b942f9c1a7d0f0dc974747d99dd0a0cdfc5949a33119caf05cb314682d3",
                "sha256:a8aae2fb3180940011b4862b2dd3756616841c53db9734b27bb93813cd79fce6",
                "sha256:c237129f0e732885c9a6076a537e974160482eab8f10db6292e92154d4c67d71",
                "sha256:c67b833dbccefe97cdd3f52798d430b9d3430396af7cdb2a0c32954c3ef73894",
                "sha256:ce03305dd694c4873b9429274fd41fc7eb4e0e4dea07e0af97a933b079a5814f",
                "sha256:d331afac87c92373826af83d2b2b435f57b17a5c74e6268b79355b970626e329",
                "sha256:dada341ebb79619fe00a291185bba370c9803b1e1d7051610e01ed809ef3a4ba",
                "sha256:ed2cc92af0efad20198638c69bb0fc2870a58dabfba6eb722c933b48556c686c",
                "sha256:f260da502d7441a45695199b4e7fd8ca87db659ba1c78f2bbf31f934fe76ae0e",
                "sha256:f2f390aa4da44454db40a1f0201401f9036e8d578a25f01a6e237cea238337ef",
                "sha256:f76025acc8e2114bb664294a07ede0727aa75d63a06d2fae96bf29a81747e4a7"
            ],
            "index": "pypi",
            "version": "==1.23.4"
        },
        "ta-lib": {
            "hashes": [
                "sha256:6c51c09fcc138367483bcce6db81329ae6851e6ca1a8ac1e50732e443d15602b"
            ],
            "index": "pypi",
            "version": "==0.4.25"
        }
    },
    "develop": {
        "attrs": {
            "hashes": [
                "sha256:29adc2665447e5191d0e7c568fde78b21f9672d344281d0c6e1ab085429b22b6",
                "sha256:86efa402f67bf2df34f51a335487cf46b1ec130d02b8d39fd248abfd30da551c"
            ],
            "markers": "python_version >= '3.5'",
            "version": "==22.1.0"
        },
        "iniconfig": {
            "hashes": [
                "sha256:011e24c64b7f47f6ebd835bb12a743f2fbe9a26d4cecaa7f53bc4f35ee9da8b3",
                "sha256:bc3af051d7d14b2ee5ef9969666def0cd1a000e121eaea580d4a313df4b37f32"
            ],
            "version": "==1.1.1"
        },
        "packaging": {
            "hashes": [
                "sha256:dd47c42927d89ab911e606518907cc2d3a1f38bbd026385970643f9c5b8ecfeb",
                "sha256:ef103e05f519cdc783ae24ea4e2e0f508a9c99b2d4969652eed6a2e1ea5bd522"
            ],
            "markers": "python_version >= '3.6'",
            "version": "==21.3"
        },
        "pluggy": {
            "hashes": [
                "sha256:4224373bacce55f955a878bf9cfa763c1e360858e330072059e10bad68531159",
                "sha256:74134bbf457f031a36d68416e1509f34bd5ccc019f0bcc952c7b909d06b37bd3"
            ],
            "markers": "python_version >= '3.6'",
            "version": "==1.0.0"
        },
        "py": {
            "hashes": [
                "sha256:51c75c4126074b472f746a24399ad32f6053d1b34b68d2fa41e558e6f4a98719",
                "sha256:607c53218732647dff4acdfcd50cb62615cedf612e72d1724fb1a0cc6405b378"
            ],
            "markers": "python_version >= '2.7' and python_version not in '3.0, 3.1, 3.2, 3.3, 3.4'",
            "version": "==1.11.0"
        },
        "pyparsing": {
            "hashes": [
                "sha256:2b020ecf7d21b687f219b71ecad3631f644a47f01403fa1d1036b0c6416d70fb",
                "sha256:5026bae9a10eeaefb61dab2f09052b9f4307d44aee4eda64b309723d8d206bbc"
            ],
            "markers": "python_full_version >= '3.6.8'",
            "version": "==3.0.9"
        },
        "pytest": {
            "hashes": [
                "sha256:1377bda3466d70b55e3f5cecfa55bb7cfcf219c7964629b967c37cf0bda818b7",
                "sha256:4f365fec2dff9c1162f834d9f18af1ba13062db0c708bf7b946f8a5c76180c39"
            ],
            "index": "pypi",
            "version": "==7.1.3"
        },
        "tomli": {
            "hashes": [
                "sha256:939de3e7a6161af0c887ef91b7d41a53e7c5a1ca976325f429cb46ea9bc30ecc",
                "sha256:de526c12914f0c550d15924c62d72abc48d6fe7364aa87328337a31007fe8a4f"
            ],
            "markers": "python_version >= '3.7'",
            "version": "==2.0.1"
        }
    }
}
