{
    "_meta": {
        "hash": {
            "sha256": "e24a613b49d991a2253e58dcbcf17edc38e7640c8c32ae5cac6cd0526eb676fa"
        },
        "pipfile-spec": 6,
        "requires": {
            "python_version": "3.9"
        },
        "sources": [
            {
                "name": "pypi",
                "url": "https://pypi.org/simple",
                "verify_ssl": true
            }
        ]
    },
    "default": {
        "build": {
            "hashes": [
                "sha256:698edd0ea270bde950f53aed21f3a0135672206f3911e0176261a31e0e07b397",
                "sha256:7145f0b5061ba90a1500d60bd1b13ca0a8a4cebdd0cc16ed8adf1c0e739f43b4"
            ],
            "markers": "python_version >= '3.9'",
            "version": "==1.3.0"
        },
        "cython": {
            "hashes": [
                "sha256:00264cafcc451dcefc01eaf29ed5ec150fb73af21d4d21105d97e9d829a53e99",
                "sha256:08ac646ff42781827f23b7a9b61669cdb92055f52724cd8cbe0e1defc56fce2e",
                "sha256:097374fa1370e9967e48442a41a0acbebb94fe9d63976cad31eacd38424847bf",
                "sha256:10ee785e42328924b78f75a74f66a813cb956b4a9bc91c44816d089d5934c089",
                "sha256:16dc5d40712b73f663c3ae19a283b9f2c6228d47eb8369bc87d1d8fc35c2bce8",
                "sha256:1e7fc012991421720620aeb846f01f8acefdac4ff57819388036f6ab1d613b51",
                "sha256:20d6b5a9fc210d3bc2880413011f606e1208e12ee6efc74717445a63f9795af1",
                "sha256:22473fe11a8dc156b66f5bd9e60b4dd59b9350a1ee70317c1dda9bb71e34b409",
                "sha256:29d8fda4d62b693e62992c665a688e3a220be70958c48eb4c2634093c9998156",
                "sha256:2ab05d1bf2d5522ecff35d94ca233b77db2300413597c3ca0b6448377fa4bd7c",
                "sha256:3003814be46f67ef997430c9ca5a1f6aa169a79df3faddb277c20fb9f52d1e4b",
                "sha256:32d1b22c3b231326e9f16480a7f508c6841bbf7d0615c2d6f489ebc72dd05205",
                "sha256:34a973844998281951bf54cdd0b6a9946ba03ba94580820738583a00da167d8f",
                "sha256:38e268eba028760167188ae81091f5380ca40a72d2a9eaff4fc6d41fd73a9254",
                "sha256:3af75ad4f490708f4254aa143991dd5cb59c1bda328a099ecf056add2aa81209",
                "sha256:3b2243fed3eeb129dedf2cebbe3be0d9b02fbf3bc75b387aafd54aac3950baa6",
                "sha256:40f519fb0757394c892f970ad4c299b27f348c96abe0a7f4882f57d288101fde",
                "sha256:42b1c3ebe36a52e2a8e939c0651e9ca5d30b81d03f800bbf0499deb0503ab565",
                "sha256:4680169f2839294d33e8c290e780cee87417b4544ff0bd3f1ca5edbeda608292",
                "sha256:46957ccbbc1647ba7efd72dabf031ec0eff9be1673de4a8aa99c8c1162d2f50f",
                "sha256:4b05319e36f34d5388deea5cc2bcfd65f9ebf76f4ea050829421a69625dbba4a",
                "sha256:4b3b2f6587b42efdece2d174a2aa4234da4524cc6673f3955c2e62b60c6d11fd",
                "sha256:62b0a9514b68391aae9784405b65738bbe19cdead3dd7b90dd9e963281db1ee3",
                "sha256:640f38f1e90bfd8ac1912a1af17574936ba30dc90797da0b11fee913a22f49a2",
                "sha256:661f0121bdd9fe1ec6583c41f110c0e24f9cf551b1bfa76fd436de628654f8b2",
                "sha256:680c9168882c5e8031dd31df199b9a5ee897e95136d15f8c6454b62162ede25e",
                "sha256:6aadf7de28bc75ddfe2ce2c53fc8acf428f0499b3ac62ab3cc3b71a248edf59b",
                "sha256:7851107204085f4f02d0eb6b660ddcad2ce4846e8b7a1eaba724a0bd3cd68a6b",
                "sha256:7ac902a17934a6da46f80755f49413bc4c03a569ae3c834f5d66da7288ba7e6c",
                "sha256:7d7a555a864b1b08576f9e8a67f3789796a065837544f9f683ebf3188012fdbd",
                "sha256:833cd0fdba9210d2f1f29e097579565a296d7ff567fd63e8cf5fde4c14339f4f",
                "sha256:840755545f61e79b3f75c92af7c0c19ab89f57c5521bf0fb59660412dd50c5c4",
                "sha256:849ef3d15d4354e5f74cdb6d3c80d80b03209b3bf1f4ff93315890b19da18944",
                "sha256:8880daa7a0ddf971593f24da161c976bc1bea895393fdfebb8e54269321d9d2b",
                "sha256:8ea4e363a523eabd987852715372de6ed34c1af65d04357058b18e509e83bfb7",
                "sha256:93dd0f62a3f8e93166d8584f8b243180d681ba8fed1f530b55d5f70c348c5797",
                "sha256:9458d540ef0853ea4fc65b8a946587bd483ef7244b470b3d93424eb7b04edeb1",
                "sha256:963cf640d049fcca1cefd62d1653f859892d6dc8e4d958eb49a5babc491de6a1",
                "sha256:976db373c315f342dcb24cd65b5e4c08d2c7b42f9f6ac1b3f677eb2abc9bfb0f",
                "sha256:9ec6007da0395d6537f3946f5e0ae25a583e4cf652422b14ff65fe8b11467d8d",
                "sha256:9ec901176efca3628e017603978d931f69ddb078b01e7221dd3b874615fc5b13",
                "sha256:a48e2180d74e3c528561d85b48f9a939a429537f9ea8aac7fb16180e7bff47e2",
                "sha256:ae7683987eea77890eb3251738b52a775565652730d6a1a6e39c5e1351d7d89b",
                "sha256:b827ce7d97ef8624adcf2bdda594b3dcb6c9b4f124d8f72001d8aea27d69dc1c",
                "sha256:bb0e0e7fceaffa22e4dc9600f7f75998eef5cc6ac5a8c0733b482851ba765ef2",
                "sha256:c04367fa0e6c35b199eb51d64b5e185584b810f6c2b96726ce450300faf99686",
                "sha256:c366a179d0c1f285c661efddcfe969f40208f76f008d4a5a657a0822ae3dbf96",
                "sha256:c62c6eb8b3d500a236e30e9e192f7765506e729e745c25366429ba38652b9116",
                "sha256:c9178f0c06f4bc92372dc44e3867e9285bebd556953e47857c26b389aabe2828",
                "sha256:cd517e3be052fb49443585b01f02f46080b3408e32c1108a0fdc4cc25b3c9d30",
                "sha256:d03179a36256031be112e4ae0b41cc18fe26eef54ef615b7ee859be9bb30260a",
                "sha256:d13025b34f72f77bf7f65c1cd628914763e6c285f4deb934314c922b91e6be5a",
                "sha256:d1fff5b2a9dec9e300dc9430d163783968723faa7266646084ab5bb9fa79f4ce",
                "sha256:d32792c80b1fa8be9de207ec8844d49c4d1d0d60e5136d20f344729270db6490",
                "sha256:d4c7e0b8584b02a349952de7d7d47f89c97cbf3fee74962e89e3caa78139ec84",
                "sha256:d4da2e624d381e9790152672bfc599a5fb4b823b99d82700a10f5db3311851f9",
                "sha256:d5b7648ff5cd160fd6f94955944e2f6826b2ebff1b1d4bcd9dc98625ef1548b7",
                "sha256:da23fa5082940ae1eed487ee9b7c1da7015b53f9feffeee661f4ee57f696dcd5",
                "sha256:db6b15c00fcd102bed7af25aa68f52789a81d02766f3ba9b6be57e2c6e7ecb4d",
                "sha256:dc4ca0f4dec55124cd79ddcfc555be1cbe0092cc99bcf1403621d17b9c6218bb",
                "sha256:e765c12a02dea0bd968cf1e85af77be1dc6d21909c3fbf5bd81815a7cdd4a65e",
                "sha256:e7c9daa90b15f59aa2a0d638ac1b36777a7e80122099952a0295c71190ce14bc",
                "sha256:ea4116d35642d2b56d105b82c53480677d6e97bff354977948587512328b14d9",
                "sha256:ed20f1b45b2da5a4f8e71a80025bca1cdc96ba35820b0b17658a4a025be920b0",
                "sha256:ee16fb1c999b049b4e6b3438a56acb65e827f834105def8a9eee25ab9b2b18f8",
                "sha256:f02ef2bf72a576bf541534c704971b8901616db431bc46d368eed1d6b20aaa1e",
                "sha256:f3897d5763df5ffc78327605c5a62748a04f043458928b33b2032ebefa35ee6d",
                "sha256:f63b4e351ffa434b3b07629ab9068c25bfe322edc0c8f6b0310d950598ca5214",
                "sha256:fd2de686b64bef9a9efe059f826705b2a885cbcb9eff5eb8d42c290bdc72debd",
                "sha256:ff4a2cb84798faffb3988bd94636c3ad31a95ff44ef017f09121abffc56f84cf"
            ],
            "markers": "python_version >= '3.8'",
            "version": "==3.1.3"
        },
        "importlib-metadata": {
            "hashes": [
                "sha256:d13b81ad223b890aa16c5471f2ac3056cf76c5f10f82d6f9292f0b415f389000",
                "sha256:e5dd1551894c77868a30651cef00984d50e1002d06942a7101d34870c5f02afd"
            ],
            "markers": "python_version >= '3.9'",
            "version": "==8.7.0"
        },
        "numpy": {
            "hashes": [
                "sha256:03a8c78d01d9781b28a6989f6fa1bb2c4f2d51201cf99d3dd875df6fbd96b23b",
                "sha256:08beddf13648eb95f8d867350f6a018a4be2e5ad54c8d8caed89ebca558b2818",
                "sha256:1af303d6b2210eb850fcf03064d364652b7120803a0b872f5211f5234b399f20",
                "sha256:1dda2e7b4ec9dd512f84935c5f126c8bd8b9f2fc001e9f54af255e8c5f16b0e0",
                "sha256:2a02aba9ed12e4ac4eb3ea9421c420301a0c6460d9830d74a9df87efa4912010",
                "sha256:2e4ee3380d6de9c9ec04745830fd9e2eccb3e6cf790d39d7b98ffd19b0dd754a",
                "sha256:3373d5d70a5fe74a2c1bb6d2cfd9609ecf686d47a2d7b1d37a8f3b6bf6003aea",
                "sha256:47711010ad8555514b434df65f7d7b076bb8261df1ca9bb78f53d3b2db02e95c",
                "sha256:4c66707fabe114439db9068ee468c26bbdf909cac0fb58686a42a24de1760c71",
                "sha256:50193e430acfc1346175fcbdaa28ffec49947a06918b7b92130744e81e640110",
                "sha256:52b8b60467cd7dd1e9ed082188b4e6bb35aa5cdd01777621a1658910745b90be",
                "sha256:60dedbb91afcbfdc9bc0b1f3f402804070deed7392c23eb7a7f07fa857868e8a",
                "sha256:62b8e4b1e28009ef2846b4c7852046736bab361f7aeadeb6a5b89ebec3c7055a",
                "sha256:666dbfb6ec68962c033a450943ded891bed2d54e6755e35e5835d63f4f6931d5",
                "sha256:675d61ffbfa78604709862923189bad94014bef562cc35cf61d3a07bba02a7ed",
                "sha256:679b0076f67ecc0138fd2ede3a8fd196dddc2ad3254069bcb9faf9a79b1cebcd",
                "sha256:7349ab0fa0c429c82442a27a9673fc802ffdb7c7775fad780226cb234965e53c",
                "sha256:7ab55401287bfec946ced39700c053796e7cc0e3acbef09993a9ad2adba6ca6e",
                "sha256:7e50d0a0cc3189f9cb0aeb3a6a6af18c16f59f004b866cd2be1c14b36134a4a0",
                "sha256:95a7476c59002f2f6c590b9b7b998306fba6a5aa646b1e22ddfeaf8f78c3a29c",
                "sha256:96ff0b2ad353d8f990b63294c8986f1ec3cb19d749234014f4e7eb0112ceba5a",
                "sha256:9fad7dcb1aac3c7f0584a5a8133e3a43eeb2fe127f47e3632d43d677c66c102b",
                "sha256:9ff0f4f29c51e2803569d7a51c2304de5554655a60c5d776e35b4a41413830d0",
                "sha256:a354325ee03388678242a4d7ebcd08b5c727033fcff3b2f536aea978e15ee9e6",
                "sha256:a4abb4f9001ad2858e7ac189089c42178fcce737e4169dc61321660f1a96c7d2",
                "sha256:ab47dbe5cc8210f55aa58e4805fe224dac469cde56b9f731a4c098b91917159a",
                "sha256:afedb719a9dcfc7eaf2287b839d8198e06dcd4cb5d276a3df279231138e83d30",
                "sha256:b3ce300f3644fb06443ee2222c2201dd3a89ea6040541412b8fa189341847218",
                "sha256:b97fe8060236edf3662adfc2c633f56a08ae30560c56310562cb4f95500022d5",
                "sha256:bfe25acf8b437eb2a8b2d49d443800a5f18508cd811fea3181723922a8a82b07",
                "sha256:cd25bcecc4974d09257ffcd1f098ee778f7834c3ad767fe5db785be9a4aa9cb2",
                "sha256:d209d8969599b27ad20994c8e41936ee0964e6da07478d6c35016bc386b66ad4",
                "sha256:d5241e0a80d808d70546c697135da2c613f30e28251ff8307eb72ba696945764",
                "sha256:edd8b5fe47dab091176d21bb6de568acdd906d1887a4584a15a9a96a1dca06ef",
                "sha256:f870204a840a60da0b12273ef34f7051e98c3b5961b61b0c2c1be6dfd64fbcd3",
                "sha256:ffa75af20b44f8dba823498024771d5ac50620e6915abac414251bd971b4529f"
            ],
            "index": "pypi",
            "markers": "python_version >= '3.9'",
            "version": "==1.26.4"
        },
        "packaging": {
            "hashes": [
                "sha256:29572ef2b1f17581046b3a2227d5c611fb25ec70ca1ba8554b24b0e69331a484",
                "sha256:d443872c98d677bf60f6a1f2f8c1cb748e8fe762d2bf9d3148b5599295b0fc4f"
            ],
            "markers": "python_version >= '3.8'",
            "version": "==25.0"
        },
        "pyproject-hooks": {
            "hashes": [
                "sha256:1e859bd5c40fae9448642dd871adf459e5e2084186e8d2c2a79a824c970da1f8",
                "sha256:9e5c6bfa8dcc30091c74b0cf803c81fdd29d94f01992a7707bc97babb1141913"
            ],
            "markers": "python_version >= '3.7'",
            "version": "==1.2.0"
        },
        "ta-lib": {
            "hashes": [
                "sha256:028defb19a9042e2876fd269aee489b300029cc5c58a1cb5a21f31d7495ad728",
                "sha256:07d20576d12dd75f9823212d8aa297bdb50f1c88749ccc4d3b44a771ee74fb99",
                "sha256:0bb487f39c333e93226a796eec8c8fbfdea1275bb8415790601967aa3280fe04",
                "sha256:0bbb20f2653397c28fddafbd23b5ee98b64a3c60e7d11fe67eae7435f464896c",
                "sha256:0ff9490faaaba625ffc2cfd520764067cd6255e663dd8d020cbcaa33870c8a56",
                "sha256:1118a0957c8b3d26dd4a0d49c49c7fda61794aa04b39b652d258b65a0f3c0869",
                "sha256:167a4b75a8c723d0b995269e67270d9cdfa22bed59957f0386cea0fe82b41c33",
                "sha256:1843491cb19de376366e490c9ea60d43408162ddd9675c006cec03eeca32063d",
                "sha256:1cb66ca90d954a5bf3dbfad2679ba14e83f7d2ee72feeb51c1187efb88ef282c",
                "sha256:213423db3afddc9541ab54e8841bcf5f6a6b5a41625d70bd1544e58952a8fe2c",
                "sha256:250b9047dc52c6d9fa812aebf86495537dcf4f24d84b6bd8fbae32c7ee2f110e",
                "sha256:293c92b4b5b58174c7689b7349c8be104886ee34245e8354016ba6849cf628c1",
                "sha256:3123ffe82a5677b79085b2206b4ee370b13c6ba7594818277734326ecace21ee",
                "sha256:348c615e8c5fc9461cb241616dc7953977fef7004f2cf1d5ff009e43edf39759",
                "sha256:35ba7ce42cc5dcdd0ad9dee6d4b9fd9025538ffd00865b1be81d5b56e44da377",
                "sha256:39c60c48a5fb62c890f1cb3faa165dfe66e0e9c7e49bb3b43b3c7843868f1fb4",
                "sha256:3af4953d128676488a58df42b61bcaace669f83110f54d2dd2e866105093f597",
                "sha256:3c56e43aede6f8514045102d3d0bae52d8752aaac559c34fee5c447fd1cbf90a",
                "sha256:411b4d05e976c9de4993c3b578aaadec353478287e886a0b72db881e0abba43d",
                "sha256:46214874dfbee6f3b071737df1ddf0f7ccfbb7764cf612a2f3d74942d308cc64",
                "sha256:4c28957ab9e6f26e4ffc8c9354dc2d3f920a16b3516ff010888cded8fe258b14",
                "sha256:4f69f22a561f10457b86e09bb8700c36eeafad1944010c7cc894bba8be827cd9",
                "sha256:681517c82d4803bf5940524d2e046bbc55b86a82c449f7c70b1bfce93cc5828e",
                "sha256:76e5b89bc9be6f1721a65384c8c33bb384a17f29ec22490dd57db49ed185cd5b",
                "sha256:79e0d15db755d4c4c34216945467e2c0c0a0768bb6cd5ced09c331deb54c7702",
                "sha256:79e8d8d1e9d7fdf0ce784c7a11dfef4dc1c5010f82bb3b5bf97c36eb399eefa8",
                "sha256:79efa70190cee4cb3440a57ce8e7897fb0939890ee35f1564f01ea313319ddba",
                "sha256:8640e9e12a4bcddf5f7e3460430f259fea16c27eeab13481ff16a6964db1e58b",
                "sha256:98ca46298595196976d685e3628d28b866bece556c1a11cc1a950260931748f2",
                "sha256:a04fdc1bc77093098557d2af8ba7ac6cf9fdbe33c9224471f8e0c066c9e6dfa0",
                "sha256:a07967a28066a12b8fb94c97fc3bd3c563f04432f2383703763f53bc94aba92b",
                "sha256:c6b86adaeb801248f4043fce58c560655179969c9133c16763687fb28c2a3bdc",
                "sha256:c7d1ba210ac9f8f211b3cace3c8e2fe6d65a8ff729af33133efac8910f239a44",
                "sha256:d3fd2175bdfeb5822b7c8364a0fcdc8eb4c07af9593f84480a10a4cf827d9266",
                "sha256:d702cbb20ab34d6d6c46bef87a1bd4bfeae0cc0ab65cbdf1d23dd392ce110d69",
                "sha256:d9d2352c4b12bb221d599b1730fca5748b9259ff29aa19c4b1a368d87c54656d",
                "sha256:da66c7c6feda7bdc9ece5ecb518d872339f764d890d1c6e71b98bf4ad37deb07",
                "sha256:dfe4a7fb1c6a6452e7704b0baa3633c03241d616515d07365bc9114c5b85be87",
                "sha256:e6ddceae8193ca4337cf70698fd2f58b341d073f0c5a9d49c1ba5d289dc1d6c9",
                "sha256:ea4ea820dad59415a5cab2ab86b3529ea1ca230230fb3d4036f2273c4345140f",
                "sha256:ef03e89b39f0e5d8ab74a9d2a2537ce202bcf622ed190d8d1c0077cf9cb7c11b",
                "sha256:ef3bb9ba7ed8e8f112a7c60e386a41b260c77c126613a6a01d393681c32a60dc",
                "sha256:f3f5fda59669203d2f890606eb0a146bc4682ece9bfd77dacf5bc749b91c38d6",
                "sha256:f6e62d9e2d2d7b3825030a94eb82741299825d6d90016b2fc01c96610a8853f9",
                "sha256:fb49c2388238bd176c7e4589979ab3d58f9876ca144cd6551273c19d9e6aa1eb",
                "sha256:ffc54a335c0e7ea69a4217ab8e93cada8871e591badb95fd7f2a0430eaa59825"
            ],
            "index": "pypi",
            "markers": "python_version >= '3.9'",
            "version": "==0.6.7"
        },
        "tomli": {
            "hashes": [
                "sha256:023aa114dd824ade0100497eb2318602af309e5a55595f76b626d6d9f3b7b0a6",
                "sha256:02abe224de6ae62c19f090f68da4e27b10af2b93213d36cf44e6e1c5abd19fdd",
                "sha256:286f0ca2ffeeb5b9bd4fcc8d6c330534323ec51b2f52da063b11c502da16f30c",
                "sha256:2d0f2fdd22b02c6d81637a3c95f8cd77f995846af7414c5c4b8d0545afa1bc4b",
                "sha256:33580bccab0338d00994d7f16f4c4ec25b776af3ffaac1ed74e0b3fc95e885a8",
                "sha256:400e720fe168c0f8521520190686ef8ef033fb19fc493da09779e592861b78c6",
                "sha256:40741994320b232529c802f8bc86da4e1aa9f413db394617b9a256ae0f9a7f77",
                "sha256:465af0e0875402f1d226519c9904f37254b3045fc5084697cefb9bdde1ff99ff",
                "sha256:4a8f6e44de52d5e6c657c9fe83b562f5f4256d8ebbfe4ff922c495620a7f6cea",
                "sha256:4e340144ad7ae1533cb897d406382b4b6fede8890a03738ff1683af800d54192",
                "sha256:678e4fa69e4575eb77d103de3df8a895e1591b48e740211bd1067378c69e8249",
                "sha256:6972ca9c9cc9f0acaa56a8ca1ff51e7af152a9f87fb64623e31d5c83700080ee",
                "sha256:7fc04e92e1d624a4a63c76474610238576942d6b8950a2d7f908a340494e67e4",
                "sha256:889f80ef92701b9dbb224e49ec87c645ce5df3fa2cc548664eb8a25e03127a98",
                "sha256:8d57ca8095a641b8237d5b079147646153d22552f1c637fd3ba7f4b0b29167a8",
                "sha256:8dd28b3e155b80f4d54beb40a441d366adcfe740969820caf156c019fb5c7ec4",
                "sha256:9316dc65bed1684c9a98ee68759ceaed29d229e985297003e494aa825ebb0281",
                "sha256:a198f10c4d1b1375d7687bc25294306e551bf1abfa4eace6650070a5c1ae2744",
                "sha256:a38aa0308e754b0e3c67e344754dff64999ff9b513e691d0e786265c93583c69",
                "sha256:a92ef1a44547e894e2a17d24e7557a5e85a9e1d0048b0b5e7541f76c5032cb13",
                "sha256:ac065718db92ca818f8d6141b5f66369833d4a80a9d74435a268c52bdfa73140",
                "sha256:b82ebccc8c8a36f2094e969560a1b836758481f3dc360ce9a3277c65f374285e",
                "sha256:c954d2250168d28797dd4e3ac5cf812a406cd5a92674ee4c8f123c889786aa8e",
                "sha256:cb55c73c5f4408779d0cf3eef9f762b9c9f147a77de7b258bef0a5628adc85cc",
                "sha256:cd45e1dc79c835ce60f7404ec8119f2eb06d38b1deba146f07ced3bbc44505ff",
                "sha256:d3f5614314d758649ab2ab3a62d4f2004c825922f9e370b29416484086b264ec",
                "sha256:d920f33822747519673ee656a4b6ac33e382eca9d331c87770faa3eef562aeb2",
                "sha256:db2b95f9de79181805df90bedc5a5ab4c165e6ec3fe99f970d0e302f384ad222",
                "sha256:e59e304978767a54663af13c07b3d1af22ddee3bb2fb0618ca1593e4f593a106",
                "sha256:e85e99945e688e32d5a35c1ff38ed0b3f41f43fad8df0bdf79f72b2ba7bc5272",
                "sha256:ece47d672db52ac607a3d9599a9d48dcb2f2f735c6c2d1f34130085bb12b112a",
                "sha256:f4039b9cbc3048b2416cc57ab3bda989a6fcf9b36cf8937f01a6e731b64f80d7"
            ],
            "markers": "python_version >= '3.8'",
            "version": "==2.2.1"
        },
        "zipp": {
            "hashes": [
                "sha256:071652d6115ed432f5ce1d34c336c0adfd6a884660d1e9712a256d3d3bd4b14e",
                "sha256:a07157588a12518c9d4034df3fbbee09c814741a33ff63c05fa29d26a2404166"
            ],
            "markers": "python_version >= '3.9'",
            "version": "==3.23.0"
        }
    },
    "develop": {
        "exceptiongroup": {
            "hashes": [
                "sha256:4d111e6e0c13d0644cad6ddaa7ed0261a0b36971f6d23e7ec9b4b9097da78a10",
                "sha256:b241f5885f560bc56a59ee63ca4c6a8bfa46ae4ad651af316d4e81817bb9fd88"
            ],
            "markers": "python_version >= '3.7'",
            "version": "==1.3.0"
        },
        "iniconfig": {
            "hashes": [
                "sha256:3abbd2e30b36733fee78f9c7f7308f2d0050e88f0087fd25c2645f63c773e1c7",
                "sha256:9deba5723312380e77435581c6bf4935c94cbfab9b1ed33ef8d238ea168eb760"
            ],
            "markers": "python_version >= '3.8'",
            "version": "==2.1.0"
        },
        "packaging": {
            "hashes": [
                "sha256:29572ef2b1f17581046b3a2227d5c611fb25ec70ca1ba8554b24b0e69331a484",
                "sha256:d443872c98d677bf60f6a1f2f8c1cb748e8fe762d2bf9d3148b5599295b0fc4f"
            ],
            "markers": "python_version >= '3.8'",
            "version": "==25.0"
        },
        "pluggy": {
            "hashes": [
                "sha256:7dcc130b76258d33b90f61b658791dede3486c3e6bfb003ee5c9bfb396dd22f3",
                "sha256:e920276dd6813095e9377c0bc5566d94c932c33b27a3e3945d8389c374dd4746"
            ],
            "markers": "python_version >= '3.9'",
            "version": "==1.6.0"
        },
        "pygments": {
            "hashes": [
                "sha256:636cb2477cec7f8952536970bc533bc43743542f70392ae026374600add5b887",
                "sha256:86540386c03d588bb81d44bc3928634ff26449851e99741617ecb9037ee5ec0b"
            ],
            "markers": "python_version >= '3.8'",
            "version": "==2.19.2"
        },
        "pytest": {
            "hashes": [
                "sha256:86c0d0b93306b961d58d62a4db4879f27fe25513d4b969df351abdddb3c30e01",
                "sha256:872f880de3fc3a5bdc88a11b39c9710c3497a547cfa9320bc3c5e62fbf272e79"
            ],
            "index": "pypi",
            "markers": "python_version >= '3.9'",
            "version": "==8.4.2"
        },
        "tomli": {
            "hashes": [
                "sha256:023aa114dd824ade0100497eb2318602af309e5a55595f76b626d6d9f3b7b0a6",
                "sha256:02abe224de6ae62c19f090f68da4e27b10af2b93213d36cf44e6e1c5abd19fdd",
                "sha256:286f0ca2ffeeb5b9bd4fcc8d6c330534323ec51b2f52da063b11c502da16f30c",
                "sha256:2d0f2fdd22b02c6d81637a3c95f8cd77f995846af7414c5c4b8d0545afa1bc4b",
                "sha256:33580bccab0338d00994d7f16f4c4ec25b776af3ffaac1ed74e0b3fc95e885a8",
                "sha256:400e720fe168c0f8521520190686ef8ef033fb19fc493da09779e592861b78c6",
                "sha256:40741994320b232529c802f8bc86da4e1aa9f413db394617b9a256ae0f9a7f77",
                "sha256:465af0e0875402f1d226519c9904f37254b3045fc5084697cefb9bdde1ff99ff",
                "sha256:4a8f6e44de52d5e6c657c9fe83b562f5f4256d8ebbfe4ff922c495620a7f6cea",
                "sha256:4e340144ad7ae1533cb897d406382b4b6fede8890a03738ff1683af800d54192",
                "sha256:678e4fa69e4575eb77d103de3df8a895e1591b48e740211bd1067378c69e8249",
                "sha256:6972ca9c9cc9f0acaa56a8ca1ff51e7af152a9f87fb64623e31d5c83700080ee",
                "sha256:7fc04e92e1d624a4a63c76474610238576942d6b8950a2d7f908a340494e67e4",
                "sha256:889f80ef92701b9dbb224e49ec87c645ce5df3fa2cc548664eb8a25e03127a98",
                "sha256:8d57ca8095a641b8237d5b079147646153d22552f1c637fd3ba7f4b0b29167a8",
                "sha256:8dd28b3e155b80f4d54beb40a441d366adcfe740969820caf156c019fb5c7ec4",
                "sha256:9316dc65bed1684c9a98ee68759ceaed29d229e985297003e494aa825ebb0281",
                "sha256:a198f10c4d1b1375d7687bc25294306e551bf1abfa4eace6650070a5c1ae2744",
                "sha256:a38aa0308e754b0e3c67e344754dff64999ff9b513e691d0e786265c93583c69",
                "sha256:a92ef1a44547e894e2a17d24e7557a5e85a9e1d0048b0b5e7541f76c5032cb13",
                "sha256:ac065718db92ca818f8d6141b5f66369833d4a80a9d74435a268c52bdfa73140",
                "sha256:b82ebccc8c8a36f2094e969560a1b836758481f3dc360ce9a3277c65f374285e",
                "sha256:c954d2250168d28797dd4e3ac5cf812a406cd5a92674ee4c8f123c889786aa8e",
                "sha256:cb55c73c5f4408779d0cf3eef9f762b9c9f147a77de7b258bef0a5628adc85cc",
                "sha256:cd45e1dc79c835ce60f7404ec8119f2eb06d38b1deba146f07ced3bbc44505ff",
                "sha256:d3f5614314d758649ab2ab3a62d4f2004c825922f9e370b29416484086b264ec",
                "sha256:d920f33822747519673ee656a4b6ac33e382eca9d331c87770faa3eef562aeb2",
                "sha256:db2b95f9de79181805df90bedc5a5ab4c165e6ec3fe99f970d0e302f384ad222",
                "sha256:e59e304978767a54663af13c07b3d1af22ddee3bb2fb0618ca1593e4f593a106",
                "sha256:e85e99945e688e32d5a35c1ff38ed0b3f41f43fad8df0bdf79f72b2ba7bc5272",
                "sha256:ece47d672db52ac607a3d9599a9d48dcb2f2f735c6c2d1f34130085bb12b112a",
                "sha256:f4039b9cbc3048b2416cc57ab3bda989a6fcf9b36cf8937f01a6e731b64f80d7"
            ],
            "markers": "python_version >= '3.8'",
            "version": "==2.2.1"
        },
        "typing-extensions": {
            "hashes": [
                "sha256:0cea48d173cc12fa28ecabc3b837ea3cf6f38c6d1136f85cbaaf598984861466",
                "sha256:f0fa19c6845758ab08074a0cfa8b7aecb71c999ca73d62883bc25cc018c4e548"
            ],
            "markers": "python_version >= '3.9'",
            "version": "==4.15.0"
        }
    }
}
